
Microsoft Visual Studio Solution File, Format Version 12.00
# Visual Studio Version 16
VisualStudioVersion = 16.0.30104.148
MinimumVisualStudioVersion = 10.0.40219.1
Project("{FAE04EC0-301F-11D3-BF4B-00C04F79EFBC}") = "FileArrangement", "FileArrangement.csproj", "{5E117AA2-74E9-4176-8C4B-731E8D64BEFE}"
EndProject
Global
	GlobalSection(SolutionConfigurationPlatforms) = preSolution
		Debug|Any CPU = Debug|Any CPU
		Release|Any CPU = Release|Any CPU
	EndGlobalSection
	GlobalSection(ProjectConfigurationPlatforms) = postSolution
		{5E117AA2-74E9-4176-8C4B-731E8D64BEFE}.Debug|Any CPU.ActiveCfg = Debug|Any CPU
		{5E117AA2-74E9-4176-8C4B-731E8D64BEFE}.Debug|Any CPU.Build.0 = Debug|Any CPU
		{5E117AA2-74E9-4176-8C4B-731E8D64BEFE}.Release|Any CPU.ActiveCfg = Release|Any CPU
		{5E117AA2-74E9-4176-8C4B-731E8D64BEFE}.Release|Any CPU.Build.0 = Release|Any CPU
	EndGlobalSection
	GlobalSection(SolutionProperties) = preSolution
		HideSolutionNode = FALSE
	EndGlobalSection
	GlobalSection(ExtensibilityGlobals) = postSolution
		SolutionGuid = {EABA2DDC-A52C-4DCD-AA8E-595E7E238CE1}
	EndGlobalSection
EndGlobal
